
Microsoft Visual Studio Solution File, Format Version 12.00
# Visual Studio Version 17
VisualStudioVersion = 17.9.34622.214
MinimumVisualStudioVersion = 10.0.40219.1
Project("{FAE04EC0-301F-11D3-BF4B-00C04F79EFBC}") = "websuzi", "websuzi.csproj", "{73DBD18D-3ECA-4BDC-8E48-EFA96B6E1331}"
EndProject
Global
	GlobalSection(SolutionConfigurationPlatforms) = preSolution
		Debug|Any CPU = Debug|Any CPU
		Release|Any CPU = Release|Any CPU
	EndGlobalSection
	GlobalSection(ProjectConfigurationPlatforms) = postSolution
		{73DBD18D-3ECA-4BDC-8E48-EFA96B6E1331}.Debug|Any CPU.ActiveCfg = Debug|Any CPU
		{73DBD18D-3ECA-4BDC-8E48-EFA96B6E1331}.Debug|Any CPU.Build.0 = Debug|Any CPU
		{73DBD18D-3ECA-4BDC-8E48-EFA96B6E1331}.Release|Any CPU.ActiveCfg = Release|Any CPU
		{73DBD18D-3ECA-4BDC-8E48-EFA96B6E1331}.Release|Any CPU.Build.0 = Release|Any CPU
	EndGlobalSection
	GlobalSection(SolutionProperties) = preSolution
		HideSolutionNode = FALSE
	EndGlobalSection
	GlobalSection(ExtensibilityGlobals) = postSolution
		SolutionGuid = {9E615C71-76DE-4F87-B548-1BF569B29A59}
	EndGlobalSection
EndGlobal
